// !$*UTF8*$!
{
	archiveVersion = 1;
	classes = {
	};
	objectVersion = 46;
	objects = {

/* Begin PBXBuildFile section */
		B0FF363E1EEB231F0080BF23 /* AppDelegate.swift in Sources */ = {isa = PBXBuildFile; fileRef = B0FF363D1EEB231F0080BF23 /* AppDelegate.swift */; };
		B0FF36401EEB231F0080BF23 /* ViewController.swift in Sources */ = {isa = PBXBuildFile; fileRef = B0FF363F1EEB231F0080BF23 /* ViewController.swift */; };
		B0FF36431EEB231F0080BF23 /* Main.storyboard in Resources */ = {isa = PBXBuildFile; fileRef = B0FF36411EEB231F0080BF23 /* Main.storyboard */; };
		B0FF36451EEB231F0080BF23 /* Assets.xcassets in Resources */ = {isa = PBXBuildFile; fileRef = B0FF36441EEB231F0080BF23 /* Assets.xcassets */; };
		B0FF36481EEB231F0080BF23 /* LaunchScreen.storyboard in Resources */ = {isa = PBXBuildFile; fileRef = B0FF36461EEB231F0080BF23 /* LaunchScreen.storyboard */; };
/* End PBXBuildFile section */

/* Begin PBXFileReference section */
		B0FF363A1EEB231F0080BF23 /* Taxi for Driver.app */ = {isa = PBXFileReference; explicitFileType = wrapper.application; includeInIndex = 0; path = "Taxi for Driver.app"; sourceTree = BUILT_PRODUCTS_DIR; };
		B0FF363D1EEB231F0080BF23 /* AppDelegate.swift */ = {isa = PBXFileReference; lastKnownFileType = sourcecode.swift; path = AppDelegate.swift; sourceTree = "<group>"; };
		B0FF363F1EEB231F0080BF23 /* ViewController.swift */ = {isa = PBXFileReference; lastKnownFileType = sourcecode.swift; path = ViewController.swift; sourceTree = "<group>"; };
		B0FF36421EEB231F0080BF23 /* Base */ = {isa = PBXFileReference; lastKnownFileType = file.storyboard; name = Base; path = Base.lproj/Main.storyboard; sourceTree = "<group>"; };
		B0FF36441EEB231F0080BF23 /* Assets.xcassets */ = {isa = PBXFileReference; lastKnownFileType = folder.assetcatalog; path = Assets.xcassets; sourceTree = "<group>"; };
		B0FF36471EEB231F0080BF23 /* Base */ = {isa = PBXFileReference; lastKnownFileType = file.storyboard; name = Base; path = Base.lproj/LaunchScreen.storyboard; sourceTree = "<group>"; };
		B0FF36491EEB231F0080BF23 /* Info.plist */ = {isa = PBXFileReference; lastKnownFileType = text.plist.xml; path = Info.plist; sourceTree = "<group>"; };
/* End PBXFileReference section */

/* Begin PBXFrameworksBuildPhase section */
		B0FF36371EEB231F0080BF23 /* Frameworks */ = {
			isa = PBXFrameworksBuildPhase;
			buildActionMask = 2147483647;
			files = (
			);
			runOnlyForDeploymentPostprocessing = 0;
		};
/* End PBXFrameworksBuildPhase section */

/* Begin PBXGroup section */
		B0FF36311EEB231F0080BF23 = {
			isa = PBXGroup;
			children = (
				B0FF363C1EEB231F0080BF23 /* Taxi for Driver */,
				B0FF363B1EEB231F0080BF23 /* Products */,
			);
			sourceTree = "<group>";
		};
		B0FF363B1EEB231F0080BF23 /* Products */ = {
			isa = PBXGroup;
			children = (
				B0FF363A1EEB231F0080BF23 /* Taxi for Driver.app */,
			);
			name = Products;
			sourceTree = "<group>";
		};
		B0FF363C1EEB231F0080BF23 /* Taxi for Driver */ = {
			isa = PBXGroup;
			children = (
				B0FF363D1EEB231F0080BF23 /* AppDelegate.swift */,
				B0FF363F1EEB231F0080BF23 /* ViewController.swift */,
				B0FF36411EEB231F0080BF23 /* Main.storyboard */,
				B0FF36441EEB231F0080BF23 /* Assets.xcassets */,
				B0FF36461EEB231F0080BF23 /* LaunchScreen.storyboard */,
				B0FF36491EEB231F0080BF23 /* Info.plist */,
			);
			path = "Taxi for Driver";
			sourceTree = "<group>";
		};
/* End PBXGroup section */

/* Begin PBXNativeTarget section */
		B0FF36391EEB231F0080BF23 /* Taxi for Driver */ = {
			isa = PBXNativeTarget;
			buildConfigurationList = B0FF364C1EEB231F0080BF23 /* Build configuration list for PBXNativeTarget "Taxi for Driver" */;
			buildPhases = (
				B0FF36361EEB231F0080BF23 /* Sources */,
				B0FF36371EEB231F0080BF23 /* Frameworks */,
				B0FF36381EEB231F0080BF23 /* Resources */,
			);
			buildRules = (
			);
			dependencies = (
			);
			name = "Taxi for Driver";
			productName = "Taxi for Driver";
			productReference = B0FF363A1EEB231F0080BF23 /* Taxi for Driver.app */;
			productType = "com.apple.product-type.application";
		};
/* End PBXNativeTarget section */

/* Begin PBXProject section */
		B0FF36321EEB231F0080BF23 /* Project object */ = {
			isa = PBXProject;
			attributes = {
				LastSwiftUpdateCheck = 0830;
				LastUpgradeCheck = 0830;
				ORGANIZATIONNAME = Chingis;
				TargetAttributes = {
					B0FF36391EEB231F0080BF23 = {
						CreatedOnToolsVersion = 8.3.3;
						DevelopmentTeam = 35D83R3UWS;
						ProvisioningStyle = Automatic;
					};
				};
			};
			buildConfigurationList = B0FF36351EEB231F0080BF23 /* Build configuration list for PBXProject "Taxi for Driver" */;
			compatibilityVersion = "Xcode 3.2";
			developmentRegion = English;
			hasScannedForEncodings = 0;
			knownRegions = (
				en,
				Base,
			);
			mainGroup = B0FF36311EEB231F0080BF23;
			productRefGroup = B0FF363B1EEB231F0080BF23 /* Products */;
			projectDirPath = "";
			projectRoot = "";
			targets = (
				B0FF36391EEB231F0080BF23 /* Taxi for Driver */,
			);
		};
/* End PBXProject section */

/* Begin PBXResourcesBuildPhase section */
		B0FF36381EEB231F0080BF23 /* Resources */ = {
			isa = PBXResourcesBuildPhase;
			buildActionMask = 2147483647;
			files = (
				B0FF36481EEB231F0080BF23 /* LaunchScreen.storyboard in Resources */,
				B0FF36451EEB231F0080BF23 /* Assets.xcassets in Resources */,
				B0FF36431EEB231F0080BF23 /* Main.storyboard in Resources */,
			);
			runOnlyForDeploymentPostprocessing = 0;
		};
/* End PBXResourcesBuildPhase section */

/* Begin PBXSourcesBuildPhase section */
		B0FF36361EEB231F0080BF23 /* Sources */ = {
			isa = PBXSourcesBuildPhase;
			buildActionMask = 2147483647;
			files = (
				B0FF36401EEB231F0080BF23 /* ViewController.swift in Sources */,
				B0FF363E1EEB231F0080BF23 /* AppDelegate.swift in Sources */,
			);
			runOnlyForDeploymentPostprocessing = 0;
		};
/* End PBXSourcesBuildPhase section */

/* Begin PBXVariantGroup section */
		B0FF36411EEB231F0080BF23 /* Main.storyboard */ = {
			isa = PBXVariantGroup;
			children = (
				B0FF36421EEB231F0080BF23 /* Base */,
			);
			name = Main.storyboard;
			sourceTree = "<group>";
		};
		B0FF36461EEB231F0080BF23 /* LaunchScreen.storyboard */ = {
			isa = PBXVariantGroup;
			children = (
				B0FF36471EEB231F0080BF23 /* Base */,
			);
			name = LaunchScreen.storyboard;
			sourceTree = "<group>";
		};
/* End PBXVariantGroup section */

/* Begin XCBuildConfiguration section */
		B0FF364A1EEB231F0080BF23 /* Debug */ = {
			isa = XCBuildConfiguration;
			buildSettings = {
				ALWAYS_SEARCH_USER_PATHS = NO;
				CLANG_ANALYZER_NONNULL = YES;
				CLANG_ANALYZER_NUMBER_OBJECT_CONVERSION = YES_AGGRESSIVE;
				CLANG_CXX_LANGUAGE_STANDARD = "gnu++0x";
				CLANG_CXX_LIBRARY = "libc++";
				CLANG_ENABLE_MODULES = YES;
				CLANG_ENABLE_OBJC_ARC = YES;
				CLANG_WARN_BOOL_CONVERSION = YES;
				CLANG_WARN_CONSTANT_CONVERSION = YES;
				CLANG_WARN_DIRECT_OBJC_ISA_USAGE = YES_ERROR;
				CLANG_WARN_DOCUMENTATION_COMMENTS = YES;
				CLANG_WARN_EMPTY_BODY = YES;
				CLANG_WARN_ENUM_CONVERSION = YES;
				CLANG_WARN_INFINITE_RECURSION = YES;
				CLANG_WARN_INT_CONVERSION = YES;
				CLANG_WARN_OBJC_ROOT_CLASS = YES_ERROR;
				CLANG_WARN_SUSPICIOUS_MOVE = YES;
				CLANG_WARN_UNREACHABLE_CODE = YES;
				CLANG_WARN__DUPLICATE_METHOD_MATCH = YES;
				"CODE_SIGN_IDENTITY[sdk=iphoneos*]" = "iPhone Developer";
				COPY_PHASE_STRIP = NO;
				DEBUG_INFORMATION_FORMAT = dwarf;
				ENABLE_STRICT_OBJC_MSGSEND = YES;
				ENABLE_TESTABILITY = YES;
				GCC_C_LANGUAGE_STANDARD = gnu99;
				GCC_DYNAMIC_NO_PIC = NO;
				GCC_NO_COMMON_BLOCKS = YES;
				GCC_OPTIMIZATION_LEVEL = 0;
				GCC_PREPROCESSOR_DEFINITIONS = (
					"DEBUG=1",
					"$(inherited)",
				);
				GCC_WARN_64_TO_32_BIT_CONVERSION = YES;
				GCC_WARN_ABOUT_RETURN_TYPE = YES_ERROR;
				GCC_WARN_UNDECLARED_SELECTOR = YES;
				GCC_WARN_UNINITIALIZED_AUTOS = YES_AGGRESSIVE;
				GCC_WARN_UNUSED_FUNCTION = YES;
				GCC_WARN_UNUSED_VARIABLE = YES;
				IPHONEOS_DEPLOYMENT_TARGET = 10.3;
				MTL_ENABLE_DEBUG_INFO = YES;
				ONLY_ACTIVE_ARCH = YES;
				SDKROOT = iphoneos;
				SWIFT_ACTIVE_COMPILATION_CONDITIONS = DEBUG;
				SWIFT_OPTIMIZATION_LEVEL = "-Onone";
				TARGETED_DEVICE_FAMILY = "1,2";
			};
			name = Debug;
		};
		B0FF364B1EEB231F0080BF23 /* Release */ = {
			isa = XCBuildConfiguration;
			buildSettings = {
				ALWAYS_SEARCH_USER_PATHS = NO;
				CLANG_ANALYZER_NONNULL = YES;
				CLANG_ANALYZER_NUMBER_OBJECT_CONVERSION = YES_AGGRESSIVE;
				CLANG_CXX_LANGUAGE_STANDARD = "gnu++0x";
				CLANG_CXX_LIBRARY = "libc++";
				CLANG_ENABLE_MODULES = YES;
				CLANG_ENABLE_OBJC_ARC = YES;
				CLANG_WARN_BOOL_CONVERSION = YES;
				CLANG_WARN_CONSTANT_CONVERSION = YES;
				CLANG_WARN_DIRECT_OBJC_ISA_USAGE = YES_ERROR;
				CLANG_WARN_DOCUMENTATION_COMMENTS = YES;
				CLANG_WARN_EMPTY_BODY = YES;
				CLANG_WARN_ENUM_CONVERSION = YES;
				CLANG_WARN_INFINITE_RECURSION = YES;
				CLANG_WARN_INT_CONVERSION = YES;
				CLANG_WARN_OBJC_ROOT_CLASS = YES_ERROR;
				CLANG_WARN_SUSPICIOUS_MOVE = YES;
				CLANG_WARN_UNREACHABLE_CODE = YES;
				CLANG_WARN__DUPLICATE_METHOD_MATCH = YES;
				"CODE_SIGN_IDENTITY[sdk=iphoneos*]" = "iPhone Developer";
				COPY_PHASE_STRIP = NO;
				DEBUG_INFORMATION_FORMAT = "dwarf-with-dsym";
				ENABLE_NS_ASSERTIONS = NO;
				ENABLE_STRICT_OBJC_MSGSEND = YES;
				GCC_C_LANGUAGE_STANDARD = gnu99;
				GCC_NO_COMMON_BLOCKS = YES;
				GCC_WARN_64_TO_32_BIT_CONVERSION = YES;
				GCC_WARN_ABOUT_RETURN_TYPE = YES_ERROR;
				GCC_WARN_UNDECLARED_SELECTOR = YES;
				GCC_WARN_UNINITIALIZED_AUTOS = YES_AGGRESSIVE;
				GCC_WARN_UNUSED_FUNCTION = YES;
				GCC_WARN_UNUSED_VARIABLE = YES;
				IPHONEOS_DEPLOYMENT_TARGET = 10.3;
				MTL_ENABLE_DEBUG_INFO = NO;
				SDKROOT = iphoneos;
				SWIFT_OPTIMIZATION_LEVEL = "-Owholemodule";
				TARGETED_DEVICE_FAMILY = "1,2";
				VALIDATE_PRODUCT = YES;
			};
			name = Release;
		};
		B0FF364D1EEB231F0080BF23 /* Debug */ = {
			isa = XCBuildConfiguration;
			buildSettings = {
				ASSETCATALOG_COMPILER_APPICON_NAME = AppIcon;
				DEVELOPMENT_TEAM = 35D83R3UWS;
				INFOPLIST_FILE = "Taxi for Driver/Info.plist";
				LD_RUNPATH_SEARCH_PATHS = "$(inherited) @executable_path/Frameworks";
				PRODUCT_BUNDLE_IDENTIFIER = "ChingisKarbushov.Taxi-for-Driver";
				PRODUCT_NAME = "$(TARGET_NAME)";
				SWIFT_VERSION = 3.0;
			};
			name = Debug;
		};
		B0FF364E1EEB231F0080BF23 /* Release */ = {
			isa = XCBuildConfiguration;
			buildSettings = {
				ASSETCATALOG_COMPILER_APPICON_NAME = AppIcon;
				DEVELOPMENT_TEAM = 35D83R3UWS;
				INFOPLIST_FILE = "Taxi for Driver/Info.plist";
				LD_RUNPATH_SEARCH_PATHS = "$(inherited) @executable_path/Frameworks";
				PRODUCT_BUNDLE_IDENTIFIER = "ChingisKarbushov.Taxi-for-Driver";
				PRODUCT_NAME = "$(TARGET_NAME)";
				SWIFT_VERSION = 3.0;
			};
			name = Release;
		};
/* End XCBuildConfiguration section */

/* Begin XCConfigurationList section */
		B0FF36351EEB231F0080BF23 /* Build configuration list for PBXProject "Taxi for Driver" */ = {
			isa = XCConfigurationList;
			buildConfigurations = (
				B0FF364A1EEB231F0080BF23 /* Debug */,
				B0FF364B1EEB231F0080BF23 /* Release */,
			);
			defaultConfigurationIsVisible = 0;
			defaultConfigurationName = Release;
		};
		B0FF364C1EEB231F0080BF23 /* Build configuration list for PBXNativeTarget "Taxi for Driver" */ = {
			isa = XCConfigurationList;
			buildConfigurations = (
				B0FF364D1EEB231F0080BF23 /* Debug */,
				B0FF364E1EEB231F0080BF23 /* Release */,
			);
			defaultConfigurationIsVisible = 0;
		};
/* End XCConfigurationList section */
	};
	rootObject = B0FF36321EEB231F0080BF23 /* Project object */;
}
